
Microsoft Visual Studio Solution File, Format Version 12.00
# Visual Studio Version 17
VisualStudioVersion = 17.13.35825.156 d17.13
MinimumVisualStudioVersion = 10.0.40219.1
Project("{FAE04EC0-301F-11D3-BF4B-00C04F79EFBC}") = "KAYIT VE ARŞİV", "KAYIT VE ARŞİV.csproj", "{2C78A35D-1428-4806-906E-BE08B0AE6984}"
EndProject
Global
	GlobalSection(SolutionConfigurationPlatforms) = preSolution
		Debug|Any CPU = Debug|Any CPU
		Release|Any CPU = Release|Any CPU
	EndGlobalSection
	GlobalSection(ProjectConfigurationPlatforms) = postSolution
		{2C78A35D-1428-4806-906E-BE08B0AE6984}.Debug|Any CPU.ActiveCfg = Debug|Any CPU
		{2C78A35D-1428-4806-906E-BE08B0AE6984}.Debug|Any CPU.Build.0 = Debug|Any CPU
		{2C78A35D-1428-4806-906E-BE08B0AE6984}.Release|Any CPU.ActiveCfg = Release|Any CPU
		{2C78A35D-1428-4806-906E-BE08B0AE6984}.Release|Any CPU.Build.0 = Release|Any CPU
	EndGlobalSection
	GlobalSection(SolutionProperties) = preSolution
		HideSolutionNode = FALSE
	EndGlobalSection
	GlobalSection(ExtensibilityGlobals) = postSolution
		SolutionGuid = {7CC473BF-7C24-47A1-8EFE-B10300B2C1A6}
	EndGlobalSection
EndGlobal
